
Microsoft Visual Studio Solution File, Format Version 12.00
# Visual Studio Version 17
VisualStudioVersion = 17.14.36915.13 d17.14
MinimumVisualStudioVersion = 10.0.40219.1
Project("{FAE04EC0-301F-11D3-BF4B-00C04F79EFBC}") = "ScreenSaver", "ScreenSaver\ScreenSaver.csproj", "{BED98A39-9C58-4400-AF4E-3084873DE34B}"
EndProject
Global
	GlobalSection(SolutionConfigurationPlatforms) = preSolution
		Debug|Any CPU = Debug|Any CPU
		Release|Any CPU = Release|Any CPU
	EndGlobalSection
	GlobalSection(ProjectConfigurationPlatforms) = postSolution
		{BED98A39-9C58-4400-AF4E-3084873DE34B}.Debug|Any CPU.ActiveCfg = Debug|Any CPU
		{BED98A39-9C58-4400-AF4E-3084873DE34B}.Debug|Any CPU.Build.0 = Debug|Any CPU
		{BED98A39-9C58-4400-AF4E-3084873DE34B}.Release|Any CPU.ActiveCfg = Release|Any CPU
		{BED98A39-9C58-4400-AF4E-3084873DE34B}.Release|Any CPU.Build.0 = Release|Any CPU
	EndGlobalSection
	GlobalSection(SolutionProperties) = preSolution
		HideSolutionNode = FALSE
	EndGlobalSection
	GlobalSection(ExtensibilityGlobals) = postSolution
		SolutionGuid = {FB32E0A0-22D1-4EE6-9CFC-72154D4B8B53}
	EndGlobalSection
EndGlobal
